<?xml version="1.0" encoding="utf-8"?>
<Project ToolsVersion="4.0" xmlns="http://schemas.microsoft.com/developer/msbuild/2003">
  <ItemGroup>
    <Filter Include="Исходные файлы">
      <UniqueIdentifier>{4FC737F1-C7A5-4376-A066-2A32D752A2FF}</UniqueIdentifier>
      <Extensions>cpp;c;cc;cxx;c++;cppm;ixx;def;odl;idl;hpj;bat;asm;asmx</Extensions>
    </Filter>
    <Filter Include="Файлы заголовков">
      <UniqueIdentifier>{93995380-89BD-4b04-88EB-625FBE52EBFB}</UniqueIdentifier>
      <Extensions>h;hh;hpp;hxx;h++;hm;inl;inc;ipp;xsd</Extensions>
    </Filter>
    <Filter Include="Файлы ресурсов">
      <UniqueIdentifier>{67DA6AB6-F800-4c08-8B7A-83BB121AAD01}</UniqueIdentifier>
      <Extensions>rc;ico;cur;bmp;dlg;rc2;rct;bin;rgs;gif;jpg;jpeg;jpe;resx;tiff;tif;png;wav;mfcribbon-ms</Extensions>
    </Filter>
    <Filter Include="Исходные файлы\App">
      <UniqueIdentifier>{e3fb8e4e-3f3d-47f3-8b2c-a85b71e543f0}</UniqueIdentifier>
    </Filter>
    <Filter Include="Исходные файлы\App\CuttingSimulation">
      <UniqueIdentifier>{833ced59-d915-47c6-9cca-2191319c59b4}</UniqueIdentifier>
    </Filter>
    <Filter Include="imgui">
      <UniqueIdentifier>{865f96bc-cdd6-47e5-8eea-8fc241fde3a7}</UniqueIdentifier>
    </Filter>
    <Filter Include="Исходные файлы\App\CuttingSimulation\GUI">
      <UniqueIdentifier>{861af9f0-6c37-4913-aa76-ed075b6c82a9}</UniqueIdentifier>
    </Filter>
    <Filter Include="Исходные файлы\App\CuttingSimulation\Render scene">
      <UniqueIdentifier>{cc156b98-2568-4bf9-ae11-68295a9f149b}</UniqueIdentifier>
    </Filter>
    <Filter Include="Исходные файлы\App\CuttingSimulation\Render scene\Camera">
      <UniqueIdentifier>{012501fa-a52e-4313-aa7e-22f7ea3e2c37}</UniqueIdentifier>
    </Filter>
    <Filter Include="Исходные файлы\App\CuttingSimulation\Render scene\GL_Objects">
      <UniqueIdentifier>{27927337-1716-490a-b97d-255498fde723}</UniqueIdentifier>
    </Filter>
    <Filter Include="Исходные файлы\App\CuttingSimulation\Render scene\Shaders">
      <UniqueIdentifier>{f3b18b53-900f-4599-b448-7c58916b9cd4}</UniqueIdentifier>
    </Filter>
  </ItemGroup>
  <ItemGroup>
    <ClCompile Include="src\main.cpp">
      <Filter>Исходные файлы</Filter>
    </ClCompile>
    <ClCompile Include="glad.c">
      <Filter>Исходные файлы</Filter>
    </ClCompile>
    <ClCompile Include="src\App\App.cpp">
      <Filter>Исходные файлы\App</Filter>
    </ClCompile>
    <ClCompile Include="src\App\Cutting Simulation\CuttingSimulation.cpp">
      <Filter>Исходные файлы\App\CuttingSimulation</Filter>
    </ClCompile>
    <ClCompile Include="include\x64\imgui\imgui_widgets.cpp">
      <Filter>imgui</Filter>
    </ClCompile>
    <ClCompile Include="include\x64\imgui\imgui.cpp">
      <Filter>imgui</Filter>
    </ClCompile>
    <ClCompile Include="include\x64\imgui\imgui_demo.cpp">
      <Filter>imgui</Filter>
    </ClCompile>
    <ClCompile Include="include\x64\imgui\imgui_draw.cpp">
      <Filter>imgui</Filter>
    </ClCompile>
    <ClCompile Include="include\x64\imgui\imgui_tables.cpp">
      <Filter>imgui</Filter>
    </ClCompile>
    <ClCompile Include="include\x64\imgui\imgui_impl_opengl3.cpp">
      <Filter>imgui</Filter>
    </ClCompile>
    <ClCompile Include="include\x64\imgui\imgui_impl_glfw.cpp">
      <Filter>imgui</Filter>
    </ClCompile>
    <ClCompile Include="src\App\Cutting Simulation\GUI\GUI.cpp">
      <Filter>Исходные файлы\App\CuttingSimulation\GUI</Filter>
    </ClCompile>
    <ClCompile Include="src\App\Cutting Simulation\Render scene\Camera\Camera.cpp">
      <Filter>Исходные файлы\App\CuttingSimulation\Render scene\Camera</Filter>
    </ClCompile>
    <ClCompile Include="src\App\Cutting Simulation\Render scene\GL_Objects\EBO.cpp">
      <Filter>Исходные файлы\App\CuttingSimulation\Render scene\GL_Objects</Filter>
    </ClCompile>
    <ClCompile Include="src\App\Cutting Simulation\Render scene\RenderScene.cpp">
      <Filter>Исходные файлы\App\CuttingSimulation\Render scene</Filter>
    </ClCompile>
    <ClCompile Include="src\App\Cutting Simulation\Render scene\GL_Objects\Shader.cpp">
      <Filter>Исходные файлы\App\CuttingSimulation\Render scene\GL_Objects</Filter>
    </ClCompile>
    <ClCompile Include="src\App\Cutting Simulation\Render scene\GL_Objects\VAO.cpp">
      <Filter>Исходные файлы\App\CuttingSimulation\Render scene\GL_Objects</Filter>
    </ClCompile>
    <ClCompile Include="src\App\Cutting Simulation\Render scene\GL_Objects\VBO.cpp">
      <Filter>Исходные файлы\App\CuttingSimulation\Render scene\GL_Objects</Filter>
    </ClCompile>
    <ClCompile Include="src\App\Cutting Simulation\Render scene\Primitives\Line.cpp">
      <Filter>Исходные файлы</Filter>
    </ClCompile>
    <ClCompile Include="src\App\Cutting Simulation\Render scene\Primitives\Lines.cpp">
      <Filter>Исходные файлы</Filter>
    </ClCompile>
    <ClCompile Include="src\App\Cutting Simulation\Render scene\GL_Objects\Shader2.cpp">
      <Filter>Исходные файлы</Filter>
    </ClCompile>
  </ItemGroup>
  <ItemGroup>
    <ClInclude Include="src\App\Cutting Simulation\GUI\GUI.h">
      <Filter>Исходные файлы\App\CuttingSimulation\GUI</Filter>
    </ClInclude>
    <ClInclude Include="src\App\App.h">
      <Filter>Исходные файлы\App</Filter>
    </ClInclude>
    <ClInclude Include="src\App\Cutting Simulation\CuttingSimulation.h">
      <Filter>Исходные файлы\App\CuttingSimulation</Filter>
    </ClInclude>
    <ClInclude Include="src\App\Cutting Simulation\Render scene\Camera\Camera.h">
      <Filter>Исходные файлы\App\CuttingSimulation\Render scene\Camera</Filter>
    </ClInclude>
    <ClInclude Include="src\App\Cutting Simulation\Render scene\GL_Objects\EBO.h">
      <Filter>Исходные файлы\App\CuttingSimulation\Render scene\GL_Objects</Filter>
    </ClInclude>
    <ClInclude Include="src\App\Cutting Simulation\Render scene\GL_Objects\VBO.h">
      <Filter>Исходные файлы\App\CuttingSimulation\Render scene\GL_Objects</Filter>
    </ClInclude>
    <ClInclude Include="src\App\Cutting Simulation\Render scene\GL_Objects\Shader.h">
      <Filter>Исходные файлы\App\CuttingSimulation\Render scene\GL_Objects</Filter>
    </ClInclude>
    <ClInclude Include="src\App\Cutting Simulation\Render scene\GL_Objects\VAO.h">
      <Filter>Исходные файлы\App\CuttingSimulation\Render scene\GL_Objects</Filter>
    </ClInclude>
    <ClInclude Include="src\App\Cutting Simulation\Render scene\RenderScene.h">
      <Filter>Исходные файлы\App\CuttingSimulation\Render scene</Filter>
    </ClInclude>
    <ClInclude Include="include\x64\imgui\imstb_truetype.h">
      <Filter>imgui</Filter>
    </ClInclude>
    <ClInclude Include="include\x64\imgui\imconfig.h">
      <Filter>imgui</Filter>
    </ClInclude>
    <ClInclude Include="include\x64\imgui\imgui.h">
      <Filter>imgui</Filter>
    </ClInclude>
    <ClInclude Include="include\x64\imgui\imgui_impl_glfw.h">
      <Filter>imgui</Filter>
    </ClInclude>
    <ClInclude Include="include\x64\imgui\imgui_impl_opengl3.h">
      <Filter>imgui</Filter>
    </ClInclude>
    <ClInclude Include="include\x64\imgui\imgui_impl_opengl3_loader.h">
      <Filter>imgui</Filter>
    </ClInclude>
    <ClInclude Include="include\x64\imgui\imgui_internal.h">
      <Filter>imgui</Filter>
    </ClInclude>
    <ClInclude Include="include\x64\imgui\imstb_rectpack.h">
      <Filter>imgui</Filter>
    </ClInclude>
    <ClInclude Include="include\x64\imgui\imstb_textedit.h">
      <Filter>imgui</Filter>
    </ClInclude>
    <ClInclude Include="src\App\Cutting Simulation\Render scene\Primitives\Line.h">
      <Filter>Файлы заголовков</Filter>
    </ClInclude>
    <ClInclude Include="src\App\Cutting Simulation\Render scene\Primitives\Lines.h">
      <Filter>Файлы заголовков</Filter>
    </ClInclude>
    <ClInclude Include="src\App\Cutting Simulation\Render scene\GL_Objects\Shader2.h">
      <Filter>Файлы заголовков</Filter>
    </ClInclude>
  </ItemGroup>
  <ItemGroup>
    <None Include="src\App\Cutting Simulation\Render scene\Shaders\default.frag">
      <Filter>Исходные файлы\App\CuttingSimulation\Render scene\Shaders</Filter>
    </None>
    <None Include="src\App\Cutting Simulation\Render scene\Shaders\default.vert">
      <Filter>Исходные файлы\App\CuttingSimulation\Render scene\Shaders</Filter>
    </None>
    <None Include="src\App\Cutting Simulation\Render scene\Primitives\lines.frag" />
    <None Include="src\App\Cutting Simulation\Render scene\Primitives\lines.vert" />
  </ItemGroup>
</Project>